{
  "name": "iso3cd-scaffold",
  "version": "1.0.0",
  "lockfileVersion": 1,
  "requires": true,
  "dependencies": {
    "i18n-iso-countries": {
      "version": "3.7.8",
      "resolved": "https://registry.npmjs.org/i18n-iso-countries/-/i18n-iso-countries-3.7.8.tgz",
      "integrity": "sha512-NkT3lRiw7D4kKtSAVjVdHCvGlc2UOe0ALKa9IfEx0LkEDf0q3YgjP/veVk0d/OZ7yqUNzV8aJP4lJc6RPj++Gw=="
    }
  }
}
